// !$*UTF8*$!
{
	archiveVersion = 1;
	classes = {
	};
	objectVersion = 42;
	objects = {

/* Begin PBXBuildFile section */
		2E2372250C7FF067009718B7 /* CarFrontEndAPI.m in Sources */ = {isa = PBXBuildFile; fileRef = 2E2372240C7FF067009718B7 /* CarFrontEndAPI.m */; };
		2E23738B0C921D69009718B7 /* PluginManager.h in Headers */ = {isa = PBXBuildFile; fileRef = 2E23738A0C921D69009718B7 /* PluginManager.h */; settings = {ATTRIBUTES = (Public, ); }; };
		2EA0B4DE0CED4E280033C2FE /* CarFrontEndTextField.h in Headers */ = {isa = PBXBuildFile; fileRef = 2EA0B4DC0CED4E280033C2FE /* CarFrontEndTextField.h */; settings = {ATTRIBUTES = (Public, ); }; };
		2EA0B4DF0CED4E280033C2FE /* CarFrontEndTextField.m in Sources */ = {isa = PBXBuildFile; fileRef = 2EA0B4DD0CED4E280033C2FE /* CarFrontEndTextField.m */; };
		2EA0B4E90CED4ED60033C2FE /* NSString.h in Headers */ = {isa = PBXBuildFile; fileRef = 2EA0B4E70CED4ED60033C2FE /* NSString.h */; };
		2EA0B4EA0CED4ED60033C2FE /* NSString.m in Sources */ = {isa = PBXBuildFile; fileRef = 2EA0B4E80CED4ED60033C2FE /* NSString.m */; };
		2EA0BB540CF14B6B0033C2FE /* CTGradient.h in Headers */ = {isa = PBXBuildFile; fileRef = 2EA0BB520CF14B6B0033C2FE /* CTGradient.h */; };
		2EA0BB550CF14B6B0033C2FE /* CTGradient.m in Sources */ = {isa = PBXBuildFile; fileRef = 2EA0BB530CF14B6B0033C2FE /* CTGradient.m */; };
		2EA0BB580CF14B860033C2FE /* NSBezierPath-RoundedRect.h in Headers */ = {isa = PBXBuildFile; fileRef = 2EA0BB560CF14B860033C2FE /* NSBezierPath-RoundedRect.h */; };
		2EA0BB590CF14B860033C2FE /* NSBezierPath-RoundedRect.m in Sources */ = {isa = PBXBuildFile; fileRef = 2EA0BB570CF14B860033C2FE /* NSBezierPath-RoundedRect.m */; };
		2EA0BB7F0CF152BA0033C2FE /* CarFrontEndButtonCell.h in Headers */ = {isa = PBXBuildFile; fileRef = 2EA0BB7D0CF152BA0033C2FE /* CarFrontEndButtonCell.h */; settings = {ATTRIBUTES = (Public, ); }; };
		2EA0BB800CF152BA0033C2FE /* CarFrontEndButtonCell.m in Sources */ = {isa = PBXBuildFile; fileRef = 2EA0BB7E0CF152BA0033C2FE /* CarFrontEndButtonCell.m */; };
		2EA4AF4D0C3F07D1009A861F /* NSImageUtils.h in Headers */ = {isa = PBXBuildFile; fileRef = 2EA4AF4B0C3F07D1009A861F /* NSImageUtils.h */; settings = {ATTRIBUTES = (Public, ); }; };
		2EA4AF4E0C3F07D1009A861F /* NSImageUtils.m in Sources */ = {isa = PBXBuildFile; fileRef = 2EA4AF4C0C3F07D1009A861F /* NSImageUtils.m */; };
		2EA4AFB90C4028C6009A861F /* ButtonFullUp.psd in Resources */ = {isa = PBXBuildFile; fileRef = 2EA4AFB20C4028C5009A861F /* ButtonFullUp.psd */; };
		2EA4AFBA0C4028C6009A861F /* ButtonLeftUp.psd in Resources */ = {isa = PBXBuildFile; fileRef = 2EA4AFB30C4028C6009A861F /* ButtonLeftUp.psd */; };
		2EA4AFBB0C4028C6009A861F /* ButtonLeftUp.tif in Resources */ = {isa = PBXBuildFile; fileRef = 2EA4AFB40C4028C6009A861F /* ButtonLeftUp.tif */; };
		2EA4AFBC0C4028C6009A861F /* ButtonMiddleUp.psd in Resources */ = {isa = PBXBuildFile; fileRef = 2EA4AFB50C4028C6009A861F /* ButtonMiddleUp.psd */; };
		2EA4AFBD0C4028C6009A861F /* ButtonMiddleUp.tif in Resources */ = {isa = PBXBuildFile; fileRef = 2EA4AFB60C4028C6009A861F /* ButtonMiddleUp.tif */; };
		2EA4AFBE0C4028C6009A861F /* ButtonRightUp.psd in Resources */ = {isa = PBXBuildFile; fileRef = 2EA4AFB70C4028C6009A861F /* ButtonRightUp.psd */; };
		2EA4AFBF0C4028C6009A861F /* ButtonRightUp.tif in Resources */ = {isa = PBXBuildFile; fileRef = 2EA4AFB80C4028C6009A861F /* ButtonRightUp.tif */; };
		2EA4AFED0C40A3A7009A861F /* ButtonFullDown.psd in Resources */ = {isa = PBXBuildFile; fileRef = 2EA4AFE60C40A3A6009A861F /* ButtonFullDown.psd */; };
		2EA4AFEE0C40A3A7009A861F /* ButtonLeftDown.psd in Resources */ = {isa = PBXBuildFile; fileRef = 2EA4AFE70C40A3A6009A861F /* ButtonLeftDown.psd */; };
		2EA4AFEF0C40A3A7009A861F /* ButtonLeftDown.tif in Resources */ = {isa = PBXBuildFile; fileRef = 2EA4AFE80C40A3A6009A861F /* ButtonLeftDown.tif */; };
		2EA4AFF00C40A3A7009A861F /* ButtonMiddleDown.psd in Resources */ = {isa = PBXBuildFile; fileRef = 2EA4AFE90C40A3A6009A861F /* ButtonMiddleDown.psd */; };
		2EA4AFF10C40A3A7009A861F /* ButtonMiddleDown.tif in Resources */ = {isa = PBXBuildFile; fileRef = 2EA4AFEA0C40A3A6009A861F /* ButtonMiddleDown.tif */; };
		2EA4AFF20C40A3A7009A861F /* ButtonRightDown.psd in Resources */ = {isa = PBXBuildFile; fileRef = 2EA4AFEB0C40A3A6009A861F /* ButtonRightDown.psd */; };
		2EA4AFF30C40A3A7009A861F /* ButtonRightDown.tif in Resources */ = {isa = PBXBuildFile; fileRef = 2EA4AFEC0C40A3A7009A861F /* ButtonRightDown.tif */; };
		2EBBEEB30C31EC5400690505 /* CarFrontEndAPI.h in Headers */ = {isa = PBXBuildFile; fileRef = 2EBBEEB20C31EC5400690505 /* CarFrontEndAPI.h */; settings = {ATTRIBUTES = (Public, ); }; };
		2EBBEEB60C31EC9A00690505 /* CarFrontEndProtocol.h in Headers */ = {isa = PBXBuildFile; fileRef = 2EBBEEB50C31EC9A00690505 /* CarFrontEndProtocol.h */; settings = {ATTRIBUTES = (Public, ); }; };
		2EBBEEBA0C31ECF900690505 /* CarFrontEndButton.h in Headers */ = {isa = PBXBuildFile; fileRef = 2EBBEEB80C31ECF900690505 /* CarFrontEndButton.h */; settings = {ATTRIBUTES = (Public, ); }; };
		2EBBEEBB0C31ECF900690505 /* CarFrontEndButton.m in Sources */ = {isa = PBXBuildFile; fileRef = 2EBBEEB90C31ECF900690505 /* CarFrontEndButton.m */; };
		2EBBEF080C31FE3100690505 /* CarFrontEnd.icns in Resources */ = {isa = PBXBuildFile; fileRef = 2EBBEF070C31FE3100690505 /* CarFrontEnd.icns */; };
		2EEC0E940C6AC2A10066662B /* LICENSE in Resources */ = {isa = PBXBuildFile; fileRef = 2EEC0E930C6AC2A10066662B /* LICENSE */; };
		2EEC0E980C6AC2D70066662B /* ChangeLog in Resources */ = {isa = PBXBuildFile; fileRef = 2EEC0E970C6AC2D70066662B /* ChangeLog */; };
		8DC2EF530486A6940098B216 /* InfoPlist.strings in Resources */ = {isa = PBXBuildFile; fileRef = 089C1666FE841158C02AAC07 /* InfoPlist.strings */; };
		8DC2EF570486A6940098B216 /* Cocoa.framework in Frameworks */ = {isa = PBXBuildFile; fileRef = 1058C7B1FEA5585E11CA2CBB /* Cocoa.framework */; };
/* End PBXBuildFile section */

/* Begin PBXFileReference section */
		0867D69BFE84028FC02AAC07 /* Foundation.framework */ = {isa = PBXFileReference; lastKnownFileType = wrapper.framework; name = Foundation.framework; path = /System/Library/Frameworks/Foundation.framework; sourceTree = "<absolute>"; };
		0867D6A5FE840307C02AAC07 /* AppKit.framework */ = {isa = PBXFileReference; lastKnownFileType = wrapper.framework; name = AppKit.framework; path = /System/Library/Frameworks/AppKit.framework; sourceTree = "<absolute>"; };
		089C1667FE841158C02AAC07 /* English */ = {isa = PBXFileReference; fileEncoding = 10; lastKnownFileType = text.plist.strings; name = English; path = English.lproj/InfoPlist.strings; sourceTree = "<group>"; };
		1058C7B1FEA5585E11CA2CBB /* Cocoa.framework */ = {isa = PBXFileReference; lastKnownFileType = wrapper.framework; name = Cocoa.framework; path = /System/Library/Frameworks/Cocoa.framework; sourceTree = "<absolute>"; };
		2E2372240C7FF067009718B7 /* CarFrontEndAPI.m */ = {isa = PBXFileReference; fileEncoding = 4; lastKnownFileType = sourcecode.c.objc; path = CarFrontEndAPI.m; sourceTree = "<group>"; };
		2E23738A0C921D69009718B7 /* PluginManager.h */ = {isa = PBXFileReference; fileEncoding = 4; lastKnownFileType = sourcecode.c.h; path = PluginManager.h; sourceTree = "<group>"; };
		2EA0B4DC0CED4E280033C2FE /* CarFrontEndTextField.h */ = {isa = PBXFileReference; fileEncoding = 30; lastKnownFileType = sourcecode.c.h; path = CarFrontEndTextField.h; sourceTree = "<group>"; };
		2EA0B4DD0CED4E280033C2FE /* CarFrontEndTextField.m */ = {isa = PBXFileReference; fileEncoding = 30; lastKnownFileType = sourcecode.c.objc; path = CarFrontEndTextField.m; sourceTree = "<group>"; };
		2EA0B4E70CED4ED60033C2FE /* NSString.h */ = {isa = PBXFileReference; fileEncoding = 30; lastKnownFileType = sourcecode.c.h; path = NSString.h; sourceTree = "<group>"; };
		2EA0B4E80CED4ED60033C2FE /* NSString.m */ = {isa = PBXFileReference; fileEncoding = 30; lastKnownFileType = sourcecode.c.objc; path = NSString.m; sourceTree = "<group>"; };
		2EA0BB520CF14B6B0033C2FE /* CTGradient.h */ = {isa = PBXFileReference; fileEncoding = 30; lastKnownFileType = sourcecode.c.h; path = CTGradient.h; sourceTree = "<group>"; };
		2EA0BB530CF14B6B0033C2FE /* CTGradient.m */ = {isa = PBXFileReference; fileEncoding = 30; lastKnownFileType = sourcecode.c.objc; path = CTGradient.m; sourceTree = "<group>"; };
		2EA0BB560CF14B860033C2FE /* NSBezierPath-RoundedRect.h */ = {isa = PBXFileReference; fileEncoding = 4; lastKnownFileType = sourcecode.c.h; path = "NSBezierPath-RoundedRect.h"; sourceTree = "<group>"; };
		2EA0BB570CF14B860033C2FE /* NSBezierPath-RoundedRect.m */ = {isa = PBXFileReference; fileEncoding = 4; lastKnownFileType = sourcecode.c.objc; path = "NSBezierPath-RoundedRect.m"; sourceTree = "<group>"; };
		2EA0BB7D0CF152BA0033C2FE /* CarFrontEndButtonCell.h */ = {isa = PBXFileReference; fileEncoding = 4; lastKnownFileType = sourcecode.c.h; path = CarFrontEndButtonCell.h; sourceTree = "<group>"; };
		2EA0BB7E0CF152BA0033C2FE /* CarFrontEndButtonCell.m */ = {isa = PBXFileReference; fileEncoding = 4; lastKnownFileType = sourcecode.c.objc; path = CarFrontEndButtonCell.m; sourceTree = "<group>"; };
		2EA4AF4B0C3F07D1009A861F /* NSImageUtils.h */ = {isa = PBXFileReference; fileEncoding = 4; lastKnownFileType = sourcecode.c.h; path = NSImageUtils.h; sourceTree = "<group>"; };
		2EA4AF4C0C3F07D1009A861F /* NSImageUtils.m */ = {isa = PBXFileReference; fileEncoding = 4; lastKnownFileType = sourcecode.c.objc; path = NSImageUtils.m; sourceTree = "<group>"; };
		2EA4AFB20C4028C5009A861F /* ButtonFullUp.psd */ = {isa = PBXFileReference; lastKnownFileType = file; path = ButtonFullUp.psd; sourceTree = "<group>"; };
		2EA4AFB30C4028C6009A861F /* ButtonLeftUp.psd */ = {isa = PBXFileReference; lastKnownFileType = file; path = ButtonLeftUp.psd; sourceTree = "<group>"; };
		2EA4AFB40C4028C6009A861F /* ButtonLeftUp.tif */ = {isa = PBXFileReference; lastKnownFileType = image.tiff; path = ButtonLeftUp.tif; sourceTree = "<group>"; };
		2EA4AFB50C4028C6009A861F /* ButtonMiddleUp.psd */ = {isa = PBXFileReference; lastKnownFileType = file; path = ButtonMiddleUp.psd; sourceTree = "<group>"; };
		2EA4AFB60C4028C6009A861F /* ButtonMiddleUp.tif */ = {isa = PBXFileReference; lastKnownFileType = image.tiff; path = ButtonMiddleUp.tif; sourceTree = "<group>"; };
		2EA4AFB70C4028C6009A861F /* ButtonRightUp.psd */ = {isa = PBXFileReference; lastKnownFileType = file; path = ButtonRightUp.psd; sourceTree = "<group>"; };
		2EA4AFB80C4028C6009A861F /* ButtonRightUp.tif */ = {isa = PBXFileReference; lastKnownFileType = image.tiff; path = ButtonRightUp.tif; sourceTree = "<group>"; };
		2EA4AFE60C40A3A6009A861F /* ButtonFullDown.psd */ = {isa = PBXFileReference; lastKnownFileType = file; path = ButtonFullDown.psd; sourceTree = "<group>"; };
		2EA4AFE70C40A3A6009A861F /* ButtonLeftDown.psd */ = {isa = PBXFileReference; lastKnownFileType = file; path = ButtonLeftDown.psd; sourceTree = "<group>"; };
		2EA4AFE80C40A3A6009A861F /* ButtonLeftDown.tif */ = {isa = PBXFileReference; lastKnownFileType = image.tiff; path = ButtonLeftDown.tif; sourceTree = "<group>"; };
		2EA4AFE90C40A3A6009A861F /* ButtonMiddleDown.psd */ = {isa = PBXFileReference; lastKnownFileType = file; path = ButtonMiddleDown.psd; sourceTree = "<group>"; };
		2EA4AFEA0C40A3A6009A861F /* ButtonMiddleDown.tif */ = {isa = PBXFileReference; lastKnownFileType = image.tiff; path = ButtonMiddleDown.tif; sourceTree = "<group>"; };
		2EA4AFEB0C40A3A6009A861F /* ButtonRightDown.psd */ = {isa = PBXFileReference; lastKnownFileType = file; path = ButtonRightDown.psd; sourceTree = "<group>"; };
		2EA4AFEC0C40A3A7009A861F /* ButtonRightDown.tif */ = {isa = PBXFileReference; lastKnownFileType = image.tiff; path = ButtonRightDown.tif; sourceTree = "<group>"; };
		2EBBEEB20C31EC5400690505 /* CarFrontEndAPI.h */ = {isa = PBXFileReference; fileEncoding = 4; lastKnownFileType = sourcecode.c.h; path = CarFrontEndAPI.h; sourceTree = "<group>"; };
		2EBBEEB50C31EC9A00690505 /* CarFrontEndProtocol.h */ = {isa = PBXFileReference; fileEncoding = 4; lastKnownFileType = sourcecode.c.h; path = CarFrontEndProtocol.h; sourceTree = "<group>"; };
		2EBBEEB80C31ECF900690505 /* CarFrontEndButton.h */ = {isa = PBXFileReference; fileEncoding = 4; lastKnownFileType = sourcecode.c.h; path = CarFrontEndButton.h; sourceTree = "<group>"; };
		2EBBEEB90C31ECF900690505 /* CarFrontEndButton.m */ = {isa = PBXFileReference; fileEncoding = 4; lastKnownFileType = sourcecode.c.objc; path = CarFrontEndButton.m; sourceTree = "<group>"; };
		2EBBEED80C31F03900690505 /* CarFrontEnd.psd */ = {isa = PBXFileReference; lastKnownFileType = file; path = CarFrontEnd.psd; sourceTree = "<group>"; };
		2EBBEF070C31FE3100690505 /* CarFrontEnd.icns */ = {isa = PBXFileReference; lastKnownFileType = image.icns; path = CarFrontEnd.icns; sourceTree = "<group>"; };
		2EEC0E930C6AC2A10066662B /* LICENSE */ = {isa = PBXFileReference; fileEncoding = 4; lastKnownFileType = text; path = LICENSE; sourceTree = "<group>"; };
		2EEC0E970C6AC2D70066662B /* ChangeLog */ = {isa = PBXFileReference; fileEncoding = 4; lastKnownFileType = text; path = ChangeLog; sourceTree = "<group>"; };
		32DBCF5E0370ADEE00C91783 /* CarFrontEndAPI_Prefix.pch */ = {isa = PBXFileReference; fileEncoding = 4; lastKnownFileType = sourcecode.c.h; path = CarFrontEndAPI_Prefix.pch; sourceTree = "<group>"; };
		8DC2EF5A0486A6940098B216 /* Info.plist */ = {isa = PBXFileReference; fileEncoding = 4; lastKnownFileType = text.xml; path = Info.plist; sourceTree = "<group>"; };
		8DC2EF5B0486A6940098B216 /* CarFrontEndAPI.framework */ = {isa = PBXFileReference; explicitFileType = wrapper.framework; includeInIndex = 0; path = CarFrontEndAPI.framework; sourceTree = BUILT_PRODUCTS_DIR; };
/* End PBXFileReference section */

/* Begin PBXFrameworksBuildPhase section */
		8DC2EF560486A6940098B216 /* Frameworks */ = {
			isa = PBXFrameworksBuildPhase;
			buildActionMask = 2147483647;
			files = (
				8DC2EF570486A6940098B216 /* Cocoa.framework in Frameworks */,
			);
			runOnlyForDeploymentPostprocessing = 0;
		};
/* End PBXFrameworksBuildPhase section */

/* Begin PBXGroup section */
		034768DFFF38A50411DB9C8B /* Products */ = {
			isa = PBXGroup;
			children = (
				8DC2EF5B0486A6940098B216 /* CarFrontEndAPI.framework */,
			);
			name = Products;
			sourceTree = "<group>";
		};
		0867D691FE84028FC02AAC07 /* CarFrontEndAPI */ = {
			isa = PBXGroup;
			children = (
				08FB77AEFE84172EC02AAC07 /* Classes */,
				32C88DFF0371C24200C91783 /* Other Sources */,
				089C1665FE841158C02AAC07 /* Resources */,
				0867D69AFE84028FC02AAC07 /* External Frameworks and Libraries */,
				034768DFFF38A50411DB9C8B /* Products */,
			);
			name = CarFrontEndAPI;
			sourceTree = "<group>";
		};
		0867D69AFE84028FC02AAC07 /* External Frameworks and Libraries */ = {
			isa = PBXGroup;
			children = (
				1058C7B0FEA5585E11CA2CBB /* Linked Frameworks */,
				1058C7B2FEA5585E11CA2CBB /* Other Frameworks */,
			);
			name = "External Frameworks and Libraries";
			sourceTree = "<group>";
		};
		089C1665FE841158C02AAC07 /* Resources */ = {
			isa = PBXGroup;
			children = (
				2EA4AFE60C40A3A6009A861F /* ButtonFullDown.psd */,
				2EA4AFE70C40A3A6009A861F /* ButtonLeftDown.psd */,
				2EA4AFE80C40A3A6009A861F /* ButtonLeftDown.tif */,
				2EA4AFE90C40A3A6009A861F /* ButtonMiddleDown.psd */,
				2EA4AFEA0C40A3A6009A861F /* ButtonMiddleDown.tif */,
				2EA4AFEB0C40A3A6009A861F /* ButtonRightDown.psd */,
				2EA4AFEC0C40A3A7009A861F /* ButtonRightDown.tif */,
				2EA4AFB20C4028C5009A861F /* ButtonFullUp.psd */,
				2EA4AFB30C4028C6009A861F /* ButtonLeftUp.psd */,
				2EA4AFB40C4028C6009A861F /* ButtonLeftUp.tif */,
				2EA4AFB50C4028C6009A861F /* ButtonMiddleUp.psd */,
				2EA4AFB60C4028C6009A861F /* ButtonMiddleUp.tif */,
				2EA4AFB70C4028C6009A861F /* ButtonRightUp.psd */,
				2EA4AFB80C4028C6009A861F /* ButtonRightUp.tif */,
				2EBBEF070C31FE3100690505 /* CarFrontEnd.icns */,
				2EBBEED80C31F03900690505 /* CarFrontEnd.psd */,
				8DC2EF5A0486A6940098B216 /* Info.plist */,
				089C1666FE841158C02AAC07 /* InfoPlist.strings */,
				2EEC0E930C6AC2A10066662B /* LICENSE */,
				2EEC0E970C6AC2D70066662B /* ChangeLog */,
			);
			name = Resources;
			sourceTree = "<group>";
		};
		08FB77AEFE84172EC02AAC07 /* Classes */ = {
			isa = PBXGroup;
			children = (
				2EA0BB520CF14B6B0033C2FE /* CTGradient.h */,
				2EA0BB530CF14B6B0033C2FE /* CTGradient.m */,
				2EA0B4E70CED4ED60033C2FE /* NSString.h */,
				2EA0B4E80CED4ED60033C2FE /* NSString.m */,
				2EA0B4DC0CED4E280033C2FE /* CarFrontEndTextField.h */,
				2EA0B4DD0CED4E280033C2FE /* CarFrontEndTextField.m */,
				2EBBEEB80C31ECF900690505 /* CarFrontEndButton.h */,
				2EBBEEB90C31ECF900690505 /* CarFrontEndButton.m */,
				2EA4AF4B0C3F07D1009A861F /* NSImageUtils.h */,
				2EA4AF4C0C3F07D1009A861F /* NSImageUtils.m */,
				2EA0BB560CF14B860033C2FE /* NSBezierPath-RoundedRect.h */,
				2EA0BB570CF14B860033C2FE /* NSBezierPath-RoundedRect.m */,
				2EA0BB7D0CF152BA0033C2FE /* CarFrontEndButtonCell.h */,
				2EA0BB7E0CF152BA0033C2FE /* CarFrontEndButtonCell.m */,
			);
			name = Classes;
			sourceTree = "<group>";
		};
		1058C7B0FEA5585E11CA2CBB /* Linked Frameworks */ = {
			isa = PBXGroup;
			children = (
				1058C7B1FEA5585E11CA2CBB /* Cocoa.framework */,
			);
			name = "Linked Frameworks";
			sourceTree = "<group>";
		};
		1058C7B2FEA5585E11CA2CBB /* Other Frameworks */ = {
			isa = PBXGroup;
			children = (
				0867D6A5FE840307C02AAC07 /* AppKit.framework */,
				0867D69BFE84028FC02AAC07 /* Foundation.framework */,
			);
			name = "Other Frameworks";
			sourceTree = "<group>";
		};
		32C88DFF0371C24200C91783 /* Other Sources */ = {
			isa = PBXGroup;
			children = (
				32DBCF5E0370ADEE00C91783 /* CarFrontEndAPI_Prefix.pch */,
				2EBBEEB20C31EC5400690505 /* CarFrontEndAPI.h */,
				2EBBEEB50C31EC9A00690505 /* CarFrontEndProtocol.h */,
				2E2372240C7FF067009718B7 /* CarFrontEndAPI.m */,
				2E23738A0C921D69009718B7 /* PluginManager.h */,
			);
			name = "Other Sources";
			sourceTree = "<group>";
		};
/* End PBXGroup section */

/* Begin PBXHeadersBuildPhase section */
		8DC2EF500486A6940098B216 /* Headers */ = {
			isa = PBXHeadersBuildPhase;
			buildActionMask = 2147483647;
			files = (
				2EBBEEB30C31EC5400690505 /* CarFrontEndAPI.h in Headers */,
				2EBBEEB60C31EC9A00690505 /* CarFrontEndProtocol.h in Headers */,
				2EBBEEBA0C31ECF900690505 /* CarFrontEndButton.h in Headers */,
				2EA4AF4D0C3F07D1009A861F /* NSImageUtils.h in Headers */,
				2E23738B0C921D69009718B7 /* PluginManager.h in Headers */,
				2EA0B4DE0CED4E280033C2FE /* CarFrontEndTextField.h in Headers */,
				2EA0B4E90CED4ED60033C2FE /* NSString.h in Headers */,
				2EA0BB540CF14B6B0033C2FE /* CTGradient.h in Headers */,
				2EA0BB580CF14B860033C2FE /* NSBezierPath-RoundedRect.h in Headers */,
				2EA0BB7F0CF152BA0033C2FE /* CarFrontEndButtonCell.h in Headers */,
			);
			runOnlyForDeploymentPostprocessing = 0;
		};
/* End PBXHeadersBuildPhase section */

/* Begin PBXNativeTarget section */
		8DC2EF4F0486A6940098B216 /* CarFrontEndAPI */ = {
			isa = PBXNativeTarget;
			buildConfigurationList = 1DEB91AD08733DA50010E9CD /* Build configuration list for PBXNativeTarget "CarFrontEndAPI" */;
			buildPhases = (
				8DC2EF500486A6940098B216 /* Headers */,
				8DC2EF520486A6940098B216 /* Resources */,
				8DC2EF540486A6940098B216 /* Sources */,
				8DC2EF560486A6940098B216 /* Frameworks */,
			);
			buildRules = (
			);
			dependencies = (
			);
			name = CarFrontEndAPI;
			productInstallPath = "$(HOME)/Library/Frameworks";
			productName = CarFrontEndAPI;
			productReference = 8DC2EF5B0486A6940098B216 /* CarFrontEndAPI.framework */;
			productType = "com.apple.product-type.framework";
		};
/* End PBXNativeTarget section */

/* Begin PBXProject section */
		0867D690FE84028FC02AAC07 /* Project object */ = {
			isa = PBXProject;
			buildConfigurationList = 1DEB91B108733DA50010E9CD /* Build configuration list for PBXProject "CarFrontEndAPI" */;
			compatibilityVersion = "Xcode 2.4";
			hasScannedForEncodings = 1;
			mainGroup = 0867D691FE84028FC02AAC07 /* CarFrontEndAPI */;
			productRefGroup = 034768DFFF38A50411DB9C8B /* Products */;
			projectDirPath = "";
			projectRoot = "";
			targets = (
				8DC2EF4F0486A6940098B216 /* CarFrontEndAPI */,
			);
		};
/* End PBXProject section */

/* Begin PBXResourcesBuildPhase section */
		8DC2EF520486A6940098B216 /* Resources */ = {
			isa = PBXResourcesBuildPhase;
			buildActionMask = 2147483647;
			files = (
				8DC2EF530486A6940098B216 /* InfoPlist.strings in Resources */,
				2EBBEF080C31FE3100690505 /* CarFrontEnd.icns in Resources */,
				2EA4AFB90C4028C6009A861F /* ButtonFullUp.psd in Resources */,
				2EA4AFBA0C4028C6009A861F /* ButtonLeftUp.psd in Resources */,
				2EA4AFBB0C4028C6009A861F /* ButtonLeftUp.tif in Resources */,
				2EA4AFBC0C4028C6009A861F /* ButtonMiddleUp.psd in Resources */,
				2EA4AFBD0C4028C6009A861F /* ButtonMiddleUp.tif in Resources */,
				2EA4AFBE0C4028C6009A861F /* ButtonRightUp.psd in Resources */,
				2EA4AFBF0C4028C6009A861F /* ButtonRightUp.tif in Resources */,
				2EA4AFED0C40A3A7009A861F /* ButtonFullDown.psd in Resources */,
				2EA4AFEE0C40A3A7009A861F /* ButtonLeftDown.psd in Resources */,
				2EA4AFEF0C40A3A7009A861F /* ButtonLeftDown.tif in Resources */,
				2EA4AFF00C40A3A7009A861F /* ButtonMiddleDown.psd in Resources */,
				2EA4AFF10C40A3A7009A861F /* ButtonMiddleDown.tif in Resources */,
				2EA4AFF20C40A3A7009A861F /* ButtonRightDown.psd in Resources */,
				2EA4AFF30C40A3A7009A861F /* ButtonRightDown.tif in Resources */,
				2EEC0E940C6AC2A10066662B /* LICENSE in Resources */,
				2EEC0E980C6AC2D70066662B /* ChangeLog in Resources */,
			);
			runOnlyForDeploymentPostprocessing = 0;
		};
/* End PBXResourcesBuildPhase section */

/* Begin PBXSourcesBuildPhase section */
		8DC2EF540486A6940098B216 /* Sources */ = {
			isa = PBXSourcesBuildPhase;
			buildActionMask = 2147483647;
			files = (
				2EBBEEBB0C31ECF900690505 /* CarFrontEndButton.m in Sources */,
				2EA4AF4E0C3F07D1009A861F /* NSImageUtils.m in Sources */,
				2E2372250C7FF067009718B7 /* CarFrontEndAPI.m in Sources */,
				2EA0B4DF0CED4E280033C2FE /* CarFrontEndTextField.m in Sources */,
				2EA0B4EA0CED4ED60033C2FE /* NSString.m in Sources */,
				2EA0BB550CF14B6B0033C2FE /* CTGradient.m in Sources */,
				2EA0BB590CF14B860033C2FE /* NSBezierPath-RoundedRect.m in Sources */,
				2EA0BB800CF152BA0033C2FE /* CarFrontEndButtonCell.m in Sources */,
			);
			runOnlyForDeploymentPostprocessing = 0;
		};
/* End PBXSourcesBuildPhase section */

/* Begin PBXVariantGroup section */
		089C1666FE841158C02AAC07 /* InfoPlist.strings */ = {
			isa = PBXVariantGroup;
			children = (
				089C1667FE841158C02AAC07 /* English */,
			);
			name = InfoPlist.strings;
			sourceTree = "<group>";
		};
/* End PBXVariantGroup section */

/* Begin XCBuildConfiguration section */
		1DEB91AE08733DA50010E9CD /* Debug */ = {
			isa = XCBuildConfiguration;
			buildSettings = {
				COPY_PHASE_STRIP = NO;
				DYLIB_COMPATIBILITY_VERSION = 1;
				DYLIB_CURRENT_VERSION = 1;
				FRAMEWORK_VERSION = A;
				GCC_DYNAMIC_NO_PIC = NO;
				GCC_ENABLE_FIX_AND_CONTINUE = YES;
				GCC_MODEL_TUNING = G5;
				GCC_OPTIMIZATION_LEVEL = 0;
				GCC_PRECOMPILE_PREFIX_HEADER = YES;
				GCC_PREFIX_HEADER = CarFrontEndAPI_Prefix.pch;
				INFOPLIST_FILE = Info.plist;
				INSTALL_PATH = "$(HOME)/Library/Frameworks";
				PRODUCT_NAME = CarFrontEndAPI;
				WRAPPER_EXTENSION = framework;
				ZERO_LINK = YES;
			};
			name = Debug;
		};
		1DEB91AF08733DA50010E9CD /* Release */ = {
			isa = XCBuildConfiguration;
			buildSettings = {
				ARCHS = (
					ppc,
					i386,
				);
				DEBUG_INFORMATION_FORMAT = "dwarf-with-dsym";
				DYLIB_COMPATIBILITY_VERSION = 1;
				DYLIB_CURRENT_VERSION = 1;
				FRAMEWORK_VERSION = A;
				GCC_MODEL_TUNING = G5;
				GCC_PRECOMPILE_PREFIX_HEADER = YES;
				GCC_PREFIX_HEADER = CarFrontEndAPI_Prefix.pch;
				INFOPLIST_FILE = Info.plist;
				INSTALL_PATH = "$(HOME)/Library/Frameworks";
				PRODUCT_NAME = CarFrontEndAPI;
				WRAPPER_EXTENSION = framework;
			};
			name = Release;
		};
		1DEB91B208733DA50010E9CD /* Debug */ = {
			isa = XCBuildConfiguration;
			buildSettings = {
				ARCHS = (
					ppc,
					i386,
				);
				DEPLOYMENT_LOCATION = YES;
				DSTROOT = /;
				GCC_WARN_ABOUT_RETURN_TYPE = YES;
				GCC_WARN_UNUSED_VARIABLE = YES;
				INSTALL_PATH = "$(HOME)/Library/Frameworks";
				PREBINDING = NO;
				SDKROOT = /Developer/SDKs/MacOSX10.4u.sdk;
			};
			name = Debug;
		};
		1DEB91B308733DA50010E9CD /* Release */ = {
			isa = XCBuildConfiguration;
			buildSettings = {
				ARCHS = (
					ppc64,
					ppc,
					i386,
					x86_64,
				);
				DEPLOYMENT_LOCATION = YES;
				DSTROOT = /;
				GCC_WARN_ABOUT_RETURN_TYPE = YES;
				GCC_WARN_UNUSED_VARIABLE = YES;
				INSTALL_PATH = "$(HOME)/Library/Frameworks";
				PREBINDING = NO;
				SDKROOT = /Developer/SDKs/MacOSX10.4u.sdk;
			};
			name = Release;
		};
		2E98B5B40CED081C007F913E /* Package */ = {
			isa = XCBuildConfiguration;
			buildSettings = {
				ARCHS = (
					ppc,
					i386,
				);
				DEBUG_INFORMATION_FORMAT = "dwarf-with-dsym";
				DYLIB_COMPATIBILITY_VERSION = 1;
				DYLIB_CURRENT_VERSION = 1;
				FRAMEWORK_VERSION = A;
				GCC_MODEL_TUNING = G5;
				GCC_PRECOMPILE_PREFIX_HEADER = YES;
				GCC_PREFIX_HEADER = CarFrontEndAPI_Prefix.pch;
				INFOPLIST_FILE = Info.plist;
				INSTALL_PATH = "$(PROJECT_DIR)/../../Installers/build/Frameworks";
				PRODUCT_NAME = CarFrontEndAPI;
				WRAPPER_EXTENSION = framework;
			};
			name = Package;
		};
		2E98B5B50CED081C007F913E /* Package */ = {
			isa = XCBuildConfiguration;
			buildSettings = {
				ARCHS = (
					ppc64,
					ppc,
					i386,
					x86_64,
				);
				DEPLOYMENT_LOCATION = YES;
				DSTROOT = /;
				GCC_WARN_ABOUT_RETURN_TYPE = YES;
				GCC_WARN_UNUSED_VARIABLE = YES;
				INSTALL_PATH = "$(PROJECT_DIR)/../../Installers/build/Frameworks";
				PREBINDING = NO;
				SDKROOT = /Developer/SDKs/MacOSX10.4u.sdk;
			};
			name = Package;
		};
/* End XCBuildConfiguration section */

/* Begin XCConfigurationList section */
		1DEB91AD08733DA50010E9CD /* Build configuration list for PBXNativeTarget "CarFrontEndAPI" */ = {
			isa = XCConfigurationList;
			buildConfigurations = (
				1DEB91AE08733DA50010E9CD /* Debug */,
				1DEB91AF08733DA50010E9CD /* Release */,
				2E98B5B40CED081C007F913E /* Package */,
			);
			defaultConfigurationIsVisible = 0;
			defaultConfigurationName = Release;
		};
		1DEB91B108733DA50010E9CD /* Build configuration list for PBXProject "CarFrontEndAPI" */ = {
			isa = XCConfigurationList;
			buildConfigurations = (
				1DEB91B208733DA50010E9CD /* Debug */,
				1DEB91B308733DA50010E9CD /* Release */,
				2E98B5B50CED081C007F913E /* Package */,
			);
			defaultConfigurationIsVisible = 0;
			defaultConfigurationName = Release;
		};
/* End XCConfigurationList section */
	};
	rootObject = 0867D690FE84028FC02AAC07 /* Project object */;
}
